{
  "nodes": {
    "flake-utils": {
      "inputs": {
        "systems": "systems"
      },
      "locked": {
        "lastModified": 1687709756,
        "narHash": "sha256-Y5wKlQSkgEK2weWdOu4J3riRd+kV/VCgHsqLNTTWQ/0=",
        "owner": "numtide",
        "repo": "flake-utils",
        "rev": "dbabf0ca0c0c4bce6ea5eaf65af5cb694d2082c7",
        "type": "github"
      },
      "original": {
        "owner": "numtide",
        "repo": "flake-utils",
        "type": "github"
      }
    },
    "go_dep": {
      "locked": {
        "lastModified": 1678347440,
        "narHash": "sha256-mMhmVy0AarJjc0sbV6EEE4MpLYIGoyusLcr7fqM49Vw=",
        "owner": "NixOS",
        "repo": "nixpkgs",
        "rev": "6adf48f53d819a7b6e15672817fa1e78e5f4e84f",
        "type": "github"
      },
      "original": {
        "owner": "NixOS",
        "repo": "nixpkgs",
        "rev": "6adf48f53d819a7b6e15672817fa1e78e5f4e84f",
        "type": "github"
      }
    },
    "nodejs_dep": {
      "locked": {
        "lastModified": 1678347440,
        "narHash": "sha256-mMhmVy0AarJjc0sbV6EEE4MpLYIGoyusLcr7fqM49Vw=",
        "owner": "NixOS",
        "repo": "nixpkgs",
        "rev": "6adf48f53d819a7b6e15672817fa1e78e5f4e84f",
        "type": "github"
      },
      "original": {
        "owner": "NixOS",
        "repo": "nixpkgs",
        "rev": "6adf48f53d819a7b6e15672817fa1e78e5f4e84f",
        "type": "github"
      }
    },
    "root": {
      "inputs": {
        "flake-utils": "flake-utils",
        "go_dep": "go_dep",
        "nodejs_dep": "nodejs_dep",
        "sqlfluff_dep": "sqlfluff_dep"
      }
    },
    "sqlfluff_dep": {
      "locked": {
        "lastModified": 1660687964,
        "narHash": "sha256-8dJ8u/SUlJoHJVPFnFqoo7ugLH4RxyuyQTeuE6/EynE=",
        "owner": "NixOS",
        "repo": "nixpkgs",
        "rev": "7cf5ccf1cdb2ba5f08f0ac29fc3d04b0b59a07e4",
        "type": "github"
      },
      "original": {
        "owner": "NixOS",
        "repo": "nixpkgs",
        "rev": "7cf5ccf1cdb2ba5f08f0ac29fc3d04b0b59a07e4",
        "type": "github"
      }
    },
    "systems": {
      "locked": {
        "lastModified": 1681028828,
        "narHash": "sha256-Vy1rq5AaRuLzOxct8nz4T6wlgyUR7zLU309k9mBC768=",
        "owner": "nix-systems",
        "repo": "default",
        "rev": "da67096a3b9bf56a91d16901293e51ba5b49a27e",
        "type": "github"
      },
      "original": {
        "owner": "nix-systems",
        "repo": "default",
        "type": "github"
      }
    }
  },
  "root": "root",
  "version": 7
}
