{
  "name": "src",
  "version": "1.0.0",
  "lockfileVersion": 1,
  "requires": true,
  "dependencies": {
    "cypress-file-upload": {
      "version": "3.5.3",
      "resolved": "https://registry.npmjs.org/cypress-file-upload/-/cypress-file-upload-3.5.3.tgz",
      "integrity": "sha512-S/czzqAj1BYz6Xxnfpx2aSc6hXsj76fd8/iuycJ2RxoxCcQMliw8eQV0ugzVlkzr1GD5dKGviNFGYqv3nRJ+Tg==",
      "dev": true
    }
  }
}
